<?xml version="1.0" encoding="UTF-8"?>
<Project ToolsVersion="14.0" xmlns="http://schemas.microsoft.com/developer/msbuild/2003">
  <ItemGroup>
    <ClCompile Include="C:\Users\haven\OneDrive\Documents\Repositories\clucene\src\core\CLucene\StdHeader.cpp">
      <Filter>Source Files</Filter>
    </ClCompile>
    <ClCompile Include="C:\Users\haven\OneDrive\Documents\Repositories\clucene\src\core\CLucene\debug\error.cpp">
      <Filter>debug</Filter>
    </ClCompile>
    <ClCompile Include="C:\Users\haven\OneDrive\Documents\Repositories\clucene\src\core\CLucene\util\ThreadLocal.cpp">
      <Filter>util</Filter>
    </ClCompile>
    <ClCompile Include="C:\Users\haven\OneDrive\Documents\Repositories\clucene\src\core\CLucene\util\Reader.cpp">
      <Filter>util</Filter>
    </ClCompile>
    <ClCompile Include="C:\Users\haven\OneDrive\Documents\Repositories\clucene\src\core\CLucene\util\Equators.cpp">
      <Filter>util</Filter>
    </ClCompile>
    <ClCompile Include="C:\Users\haven\OneDrive\Documents\Repositories\clucene\src\core\CLucene\util\FastCharStream.cpp">
      <Filter>util</Filter>
    </ClCompile>
    <ClCompile Include="C:\Users\haven\OneDrive\Documents\Repositories\clucene\src\core\CLucene\util\MD5Digester.cpp">
      <Filter>util</Filter>
    </ClCompile>
    <ClCompile Include="C:\Users\haven\OneDrive\Documents\Repositories\clucene\src\core\CLucene\util\StringIntern.cpp">
      <Filter>util</Filter>
    </ClCompile>
    <ClCompile Include="C:\Users\haven\OneDrive\Documents\Repositories\clucene\src\core\CLucene\util\BitSet.cpp">
      <Filter>util</Filter>
    </ClCompile>
    <ClCompile Include="C:\Users\haven\OneDrive\Documents\Repositories\clucene\src\core\CLucene\queryParser\FastCharStream.cpp">
      <Filter>queryParser</Filter>
    </ClCompile>
    <ClCompile Include="C:\Users\haven\OneDrive\Documents\Repositories\clucene\src\core\CLucene\queryParser\MultiFieldQueryParser.cpp">
      <Filter>queryParser</Filter>
    </ClCompile>
    <ClCompile Include="C:\Users\haven\OneDrive\Documents\Repositories\clucene\src\core\CLucene\queryParser\QueryParser.cpp">
      <Filter>queryParser</Filter>
    </ClCompile>
    <ClCompile Include="C:\Users\haven\OneDrive\Documents\Repositories\clucene\src\core\CLucene\queryParser\QueryParserTokenManager.cpp">
      <Filter>queryParser</Filter>
    </ClCompile>
    <ClCompile Include="C:\Users\haven\OneDrive\Documents\Repositories\clucene\src\core\CLucene\queryParser\QueryToken.cpp">
      <Filter>queryParser</Filter>
    </ClCompile>
    <ClCompile Include="C:\Users\haven\OneDrive\Documents\Repositories\clucene\src\core\CLucene\queryParser\legacy\Lexer.cpp">
      <Filter>queryParser-legacy</Filter>
    </ClCompile>
    <ClCompile Include="C:\Users\haven\OneDrive\Documents\Repositories\clucene\src\core\CLucene\queryParser\legacy\MultiFieldQueryParser.cpp">
      <Filter>queryParser-legacy</Filter>
    </ClCompile>
    <ClCompile Include="C:\Users\haven\OneDrive\Documents\Repositories\clucene\src\core\CLucene\queryParser\legacy\QueryParser.cpp">
      <Filter>queryParser-legacy</Filter>
    </ClCompile>
    <ClCompile Include="C:\Users\haven\OneDrive\Documents\Repositories\clucene\src\core\CLucene\queryParser\legacy\QueryParserBase.cpp">
      <Filter>queryParser-legacy</Filter>
    </ClCompile>
    <ClCompile Include="C:\Users\haven\OneDrive\Documents\Repositories\clucene\src\core\CLucene\queryParser\legacy\QueryToken.cpp">
      <Filter>queryParser-legacy</Filter>
    </ClCompile>
    <ClCompile Include="C:\Users\haven\OneDrive\Documents\Repositories\clucene\src\core\CLucene\queryParser\legacy\TokenList.cpp">
      <Filter>queryParser-legacy</Filter>
    </ClCompile>
    <ClCompile Include="C:\Users\haven\OneDrive\Documents\Repositories\clucene\src\core\CLucene\analysis\standard\StandardAnalyzer.cpp">
      <Filter>analysis-standard</Filter>
    </ClCompile>
    <ClCompile Include="C:\Users\haven\OneDrive\Documents\Repositories\clucene\src\core\CLucene\analysis\standard\StandardFilter.cpp">
      <Filter>analysis-standard</Filter>
    </ClCompile>
    <ClCompile Include="C:\Users\haven\OneDrive\Documents\Repositories\clucene\src\core\CLucene\analysis\standard\StandardTokenizer.cpp">
      <Filter>analysis-standard</Filter>
    </ClCompile>
    <ClCompile Include="C:\Users\haven\OneDrive\Documents\Repositories\clucene\src\core\CLucene\analysis\Analyzers.cpp">
      <Filter>analysis</Filter>
    </ClCompile>
    <ClCompile Include="C:\Users\haven\OneDrive\Documents\Repositories\clucene\src\core\CLucene\analysis\AnalysisHeader.cpp">
      <Filter>analysis</Filter>
    </ClCompile>
    <ClCompile Include="C:\Users\haven\OneDrive\Documents\Repositories\clucene\src\core\CLucene\store\MMapInput.cpp">
      <Filter>store</Filter>
    </ClCompile>
    <ClCompile Include="C:\Users\haven\OneDrive\Documents\Repositories\clucene\src\core\CLucene\store\IndexInput.cpp">
      <Filter>store</Filter>
    </ClCompile>
    <ClCompile Include="C:\Users\haven\OneDrive\Documents\Repositories\clucene\src\core\CLucene\store\Lock.cpp">
      <Filter>store</Filter>
    </ClCompile>
    <ClCompile Include="C:\Users\haven\OneDrive\Documents\Repositories\clucene\src\core\CLucene\store\LockFactory.cpp">
      <Filter>store</Filter>
    </ClCompile>
    <ClCompile Include="C:\Users\haven\OneDrive\Documents\Repositories\clucene\src\core\CLucene\store\IndexOutput.cpp">
      <Filter>store</Filter>
    </ClCompile>
    <ClCompile Include="C:\Users\haven\OneDrive\Documents\Repositories\clucene\src\core\CLucene\store\Directory.cpp">
      <Filter>store</Filter>
    </ClCompile>
    <ClCompile Include="C:\Users\haven\OneDrive\Documents\Repositories\clucene\src\core\CLucene\store\FSDirectory.cpp">
      <Filter>store</Filter>
    </ClCompile>
    <ClCompile Include="C:\Users\haven\OneDrive\Documents\Repositories\clucene\src\core\CLucene\store\RAMDirectory.cpp">
      <Filter>store</Filter>
    </ClCompile>
    <ClCompile Include="C:\Users\haven\OneDrive\Documents\Repositories\clucene\src\core\CLucene\document\Document.cpp">
      <Filter>document</Filter>
    </ClCompile>
    <ClCompile Include="C:\Users\haven\OneDrive\Documents\Repositories\clucene\src\core\CLucene\document\DateField.cpp">
      <Filter>document</Filter>
    </ClCompile>
    <ClCompile Include="C:\Users\haven\OneDrive\Documents\Repositories\clucene\src\core\CLucene\document\DateTools.cpp">
      <Filter>document</Filter>
    </ClCompile>
    <ClCompile Include="C:\Users\haven\OneDrive\Documents\Repositories\clucene\src\core\CLucene\document\Field.cpp">
      <Filter>document</Filter>
    </ClCompile>
    <ClCompile Include="C:\Users\haven\OneDrive\Documents\Repositories\clucene\src\core\CLucene\document\FieldSelector.cpp">
      <Filter>document</Filter>
    </ClCompile>
    <ClCompile Include="C:\Users\haven\OneDrive\Documents\Repositories\clucene\src\core\CLucene\document\NumberTools.cpp">
      <Filter>document</Filter>
    </ClCompile>
    <ClCompile Include="C:\Users\haven\OneDrive\Documents\Repositories\clucene\src\core\CLucene\index\IndexFileNames.cpp">
      <Filter>index</Filter>
    </ClCompile>
    <ClCompile Include="C:\Users\haven\OneDrive\Documents\Repositories\clucene\src\core\CLucene\index\IndexFileNameFilter.cpp">
      <Filter>index</Filter>
    </ClCompile>
    <ClCompile Include="C:\Users\haven\OneDrive\Documents\Repositories\clucene\src\core\CLucene\index\IndexDeletionPolicy.cpp">
      <Filter>index</Filter>
    </ClCompile>
    <ClCompile Include="C:\Users\haven\OneDrive\Documents\Repositories\clucene\src\core\CLucene\index\SegmentMergeInfo.cpp">
      <Filter>index</Filter>
    </ClCompile>
    <ClCompile Include="C:\Users\haven\OneDrive\Documents\Repositories\clucene\src\core\CLucene\index\SegmentInfos.cpp">
      <Filter>index</Filter>
    </ClCompile>
    <ClCompile Include="C:\Users\haven\OneDrive\Documents\Repositories\clucene\src\core\CLucene\index\MergeScheduler.cpp">
      <Filter>index</Filter>
    </ClCompile>
    <ClCompile Include="C:\Users\haven\OneDrive\Documents\Repositories\clucene\src\core\CLucene\index\SegmentTermDocs.cpp">
      <Filter>index</Filter>
    </ClCompile>
    <ClCompile Include="C:\Users\haven\OneDrive\Documents\Repositories\clucene\src\core\CLucene\index\FieldsWriter.cpp">
      <Filter>index</Filter>
    </ClCompile>
    <ClCompile Include="C:\Users\haven\OneDrive\Documents\Repositories\clucene\src\core\CLucene\index\TermInfosWriter.cpp">
      <Filter>index</Filter>
    </ClCompile>
    <ClCompile Include="C:\Users\haven\OneDrive\Documents\Repositories\clucene\src\core\CLucene\index\Term.cpp">
      <Filter>index</Filter>
    </ClCompile>
    <ClCompile Include="C:\Users\haven\OneDrive\Documents\Repositories\clucene\src\core\CLucene\index\Terms.cpp">
      <Filter>index</Filter>
    </ClCompile>
    <ClCompile Include="C:\Users\haven\OneDrive\Documents\Repositories\clucene\src\core\CLucene\index\MergePolicy.cpp">
      <Filter>index</Filter>
    </ClCompile>
    <ClCompile Include="C:\Users\haven\OneDrive\Documents\Repositories\clucene\src\core\CLucene\index\DocumentsWriter.cpp">
      <Filter>index</Filter>
    </ClCompile>
    <ClCompile Include="C:\Users\haven\OneDrive\Documents\Repositories\clucene\src\core\CLucene\index\DocumentsWriterThreadState.cpp">
      <Filter>index</Filter>
    </ClCompile>
    <ClCompile Include="C:\Users\haven\OneDrive\Documents\Repositories\clucene\src\core\CLucene\index\SegmentTermVector.cpp">
      <Filter>index</Filter>
    </ClCompile>
    <ClCompile Include="C:\Users\haven\OneDrive\Documents\Repositories\clucene\src\core\CLucene\index\TermVectorReader.cpp">
      <Filter>index</Filter>
    </ClCompile>
    <ClCompile Include="C:\Users\haven\OneDrive\Documents\Repositories\clucene\src\core\CLucene\index\FieldInfos.cpp">
      <Filter>index</Filter>
    </ClCompile>
    <ClCompile Include="C:\Users\haven\OneDrive\Documents\Repositories\clucene\src\core\CLucene\index\CompoundFile.cpp">
      <Filter>index</Filter>
    </ClCompile>
    <ClCompile Include="C:\Users\haven\OneDrive\Documents\Repositories\clucene\src\core\CLucene\index\SkipListReader.cpp">
      <Filter>index</Filter>
    </ClCompile>
    <ClCompile Include="C:\Users\haven\OneDrive\Documents\Repositories\clucene\src\core\CLucene\index\SkipListWriter.cpp">
      <Filter>index</Filter>
    </ClCompile>
    <ClCompile Include="C:\Users\haven\OneDrive\Documents\Repositories\clucene\src\core\CLucene\index\IndexFileDeleter.cpp">
      <Filter>index</Filter>
    </ClCompile>
    <ClCompile Include="C:\Users\haven\OneDrive\Documents\Repositories\clucene\src\core\CLucene\index\SegmentReader.cpp">
      <Filter>index</Filter>
    </ClCompile>
    <ClCompile Include="C:\Users\haven\OneDrive\Documents\Repositories\clucene\src\core\CLucene\index\DirectoryIndexReader.cpp">
      <Filter>index</Filter>
    </ClCompile>
    <ClCompile Include="C:\Users\haven\OneDrive\Documents\Repositories\clucene\src\core\CLucene\index\TermVectorWriter.cpp">
      <Filter>index</Filter>
    </ClCompile>
    <ClCompile Include="C:\Users\haven\OneDrive\Documents\Repositories\clucene\src\core\CLucene\index\IndexReader.cpp">
      <Filter>index</Filter>
    </ClCompile>
    <ClCompile Include="C:\Users\haven\OneDrive\Documents\Repositories\clucene\src\core\CLucene\index\SegmentTermPositions.cpp">
      <Filter>index</Filter>
    </ClCompile>
    <ClCompile Include="C:\Users\haven\OneDrive\Documents\Repositories\clucene\src\core\CLucene\index\SegmentMerger.cpp">
      <Filter>index</Filter>
    </ClCompile>
    <ClCompile Include="C:\Users\haven\OneDrive\Documents\Repositories\clucene\src\core\CLucene\index\IndexWriter.cpp">
      <Filter>index</Filter>
    </ClCompile>
    <ClCompile Include="C:\Users\haven\OneDrive\Documents\Repositories\clucene\src\core\CLucene\index\MultiReader.cpp">
      <Filter>index</Filter>
    </ClCompile>
    <ClCompile Include="C:\Users\haven\OneDrive\Documents\Repositories\clucene\src\core\CLucene\index\MultiSegmentReader.cpp">
      <Filter>index</Filter>
    </ClCompile>
    <ClCompile Include="C:\Users\haven\OneDrive\Documents\Repositories\clucene\src\core\CLucene\index\Payload.cpp">
      <Filter>index</Filter>
    </ClCompile>
    <ClCompile Include="C:\Users\haven\OneDrive\Documents\Repositories\clucene\src\core\CLucene\index\SegmentTermEnum.cpp">
      <Filter>index</Filter>
    </ClCompile>
    <ClCompile Include="C:\Users\haven\OneDrive\Documents\Repositories\clucene\src\core\CLucene\index\TermInfo.cpp">
      <Filter>index</Filter>
    </ClCompile>
    <ClCompile Include="C:\Users\haven\OneDrive\Documents\Repositories\clucene\src\core\CLucene\index\IndexModifier.cpp">
      <Filter>index</Filter>
    </ClCompile>
    <ClCompile Include="C:\Users\haven\OneDrive\Documents\Repositories\clucene\src\core\CLucene\index\SegmentMergeQueue.cpp">
      <Filter>index</Filter>
    </ClCompile>
    <ClCompile Include="C:\Users\haven\OneDrive\Documents\Repositories\clucene\src\core\CLucene\index\FieldsReader.cpp">
      <Filter>index</Filter>
    </ClCompile>
    <ClCompile Include="C:\Users\haven\OneDrive\Documents\Repositories\clucene\src\core\CLucene\index\TermInfosReader.cpp">
      <Filter>index</Filter>
    </ClCompile>
    <ClCompile Include="C:\Users\haven\OneDrive\Documents\Repositories\clucene\src\core\CLucene\index\MultipleTermPositions.cpp">
      <Filter>index</Filter>
    </ClCompile>
    <ClCompile Include="C:\Users\haven\OneDrive\Documents\Repositories\clucene\src\core\CLucene\search\Compare.cpp">
      <Filter>search</Filter>
    </ClCompile>
    <ClCompile Include="C:\Users\haven\OneDrive\Documents\Repositories\clucene\src\core\CLucene\search\Scorer.cpp">
      <Filter>search</Filter>
    </ClCompile>
    <ClCompile Include="C:\Users\haven\OneDrive\Documents\Repositories\clucene\src\core\CLucene\search\ScorerDocQueue.cpp">
      <Filter>search</Filter>
    </ClCompile>
    <ClCompile Include="C:\Users\haven\OneDrive\Documents\Repositories\clucene\src\core\CLucene\search\PhraseScorer.cpp">
      <Filter>search</Filter>
    </ClCompile>
    <ClCompile Include="C:\Users\haven\OneDrive\Documents\Repositories\clucene\src\core\CLucene\search\SloppyPhraseScorer.cpp">
      <Filter>search</Filter>
    </ClCompile>
    <ClCompile Include="C:\Users\haven\OneDrive\Documents\Repositories\clucene\src\core\CLucene\search\DisjunctionSumScorer.cpp">
      <Filter>search</Filter>
    </ClCompile>
    <ClCompile Include="C:\Users\haven\OneDrive\Documents\Repositories\clucene\src\core\CLucene\search\ConjunctionScorer.cpp">
      <Filter>search</Filter>
    </ClCompile>
    <ClCompile Include="C:\Users\haven\OneDrive\Documents\Repositories\clucene\src\core\CLucene\search\PhraseQuery.cpp">
      <Filter>search</Filter>
    </ClCompile>
    <ClCompile Include="C:\Users\haven\OneDrive\Documents\Repositories\clucene\src\core\CLucene\search\PrefixQuery.cpp">
      <Filter>search</Filter>
    </ClCompile>
    <ClCompile Include="C:\Users\haven\OneDrive\Documents\Repositories\clucene\src\core\CLucene\search\ExactPhraseScorer.cpp">
      <Filter>search</Filter>
    </ClCompile>
    <ClCompile Include="C:\Users\haven\OneDrive\Documents\Repositories\clucene\src\core\CLucene\search\TermScorer.cpp">
      <Filter>search</Filter>
    </ClCompile>
    <ClCompile Include="C:\Users\haven\OneDrive\Documents\Repositories\clucene\src\core\CLucene\search\Similarity.cpp">
      <Filter>search</Filter>
    </ClCompile>
    <ClCompile Include="C:\Users\haven\OneDrive\Documents\Repositories\clucene\src\core\CLucene\search\BooleanScorer.cpp">
      <Filter>search</Filter>
    </ClCompile>
    <ClCompile Include="C:\Users\haven\OneDrive\Documents\Repositories\clucene\src\core\CLucene\search\BooleanScorer2.cpp">
      <Filter>search</Filter>
    </ClCompile>
    <ClCompile Include="C:\Users\haven\OneDrive\Documents\Repositories\clucene\src\core\CLucene\search\HitQueue.cpp">
      <Filter>search</Filter>
    </ClCompile>
    <ClCompile Include="C:\Users\haven\OneDrive\Documents\Repositories\clucene\src\core\CLucene\search\FieldCacheImpl.cpp">
      <Filter>search</Filter>
    </ClCompile>
    <ClCompile Include="C:\Users\haven\OneDrive\Documents\Repositories\clucene\src\core\CLucene\search\ChainedFilter.cpp">
      <Filter>search</Filter>
    </ClCompile>
    <ClCompile Include="C:\Users\haven\OneDrive\Documents\Repositories\clucene\src\core\CLucene\search\RangeFilter.cpp">
      <Filter>search</Filter>
    </ClCompile>
    <ClCompile Include="C:\Users\haven\OneDrive\Documents\Repositories\clucene\src\core\CLucene\search\CachingWrapperFilter.cpp">
      <Filter>search</Filter>
    </ClCompile>
    <ClCompile Include="C:\Users\haven\OneDrive\Documents\Repositories\clucene\src\core\CLucene\search\QueryFilter.cpp">
      <Filter>search</Filter>
    </ClCompile>
    <ClCompile Include="C:\Users\haven\OneDrive\Documents\Repositories\clucene\src\core\CLucene\search\TermQuery.cpp">
      <Filter>search</Filter>
    </ClCompile>
    <ClCompile Include="C:\Users\haven\OneDrive\Documents\Repositories\clucene\src\core\CLucene\search\FuzzyQuery.cpp">
      <Filter>search</Filter>
    </ClCompile>
    <ClCompile Include="C:\Users\haven\OneDrive\Documents\Repositories\clucene\src\core\CLucene\search\SearchHeader.cpp">
      <Filter>search</Filter>
    </ClCompile>
    <ClCompile Include="C:\Users\haven\OneDrive\Documents\Repositories\clucene\src\core\CLucene\search\RangeQuery.cpp">
      <Filter>search</Filter>
    </ClCompile>
    <ClCompile Include="C:\Users\haven\OneDrive\Documents\Repositories\clucene\src\core\CLucene\search\IndexSearcher.cpp">
      <Filter>search</Filter>
    </ClCompile>
    <ClCompile Include="C:\Users\haven\OneDrive\Documents\Repositories\clucene\src\core\CLucene\search\Sort.cpp">
      <Filter>search</Filter>
    </ClCompile>
    <ClCompile Include="C:\Users\haven\OneDrive\Documents\Repositories\clucene\src\core\CLucene\search\PhrasePositions.cpp">
      <Filter>search</Filter>
    </ClCompile>
    <ClCompile Include="C:\Users\haven\OneDrive\Documents\Repositories\clucene\src\core\CLucene\search\FieldDocSortedHitQueue.cpp">
      <Filter>search</Filter>
    </ClCompile>
    <ClCompile Include="C:\Users\haven\OneDrive\Documents\Repositories\clucene\src\core\CLucene\search\WildcardTermEnum.cpp">
      <Filter>search</Filter>
    </ClCompile>
    <ClCompile Include="C:\Users\haven\OneDrive\Documents\Repositories\clucene\src\core\CLucene\search\MultiSearcher.cpp">
      <Filter>search</Filter>
    </ClCompile>
    <ClCompile Include="C:\Users\haven\OneDrive\Documents\Repositories\clucene\src\core\CLucene\search\Hits.cpp">
      <Filter>search</Filter>
    </ClCompile>
    <ClCompile Include="C:\Users\haven\OneDrive\Documents\Repositories\clucene\src\core\CLucene\search\MultiTermQuery.cpp">
      <Filter>search</Filter>
    </ClCompile>
    <ClCompile Include="C:\Users\haven\OneDrive\Documents\Repositories\clucene\src\core\CLucene\search\FilteredTermEnum.cpp">
      <Filter>search</Filter>
    </ClCompile>
    <ClCompile Include="C:\Users\haven\OneDrive\Documents\Repositories\clucene\src\core\CLucene\search\FieldSortedHitQueue.cpp">
      <Filter>search</Filter>
    </ClCompile>
    <ClCompile Include="C:\Users\haven\OneDrive\Documents\Repositories\clucene\src\core\CLucene\search\WildcardQuery.cpp">
      <Filter>search</Filter>
    </ClCompile>
    <ClCompile Include="C:\Users\haven\OneDrive\Documents\Repositories\clucene\src\core\CLucene\search\Explanation.cpp">
      <Filter>search</Filter>
    </ClCompile>
    <ClCompile Include="C:\Users\haven\OneDrive\Documents\Repositories\clucene\src\core\CLucene\search\BooleanQuery.cpp">
      <Filter>search</Filter>
    </ClCompile>
    <ClCompile Include="C:\Users\haven\OneDrive\Documents\Repositories\clucene\src\core\CLucene\search\FieldCache.cpp">
      <Filter>search</Filter>
    </ClCompile>
    <ClCompile Include="C:\Users\haven\OneDrive\Documents\Repositories\clucene\src\core\CLucene\search\DateFilter.cpp">
      <Filter>search</Filter>
    </ClCompile>
    <ClCompile Include="C:\Users\haven\OneDrive\Documents\Repositories\clucene\src\core\CLucene\search\MatchAllDocsQuery.cpp">
      <Filter>search</Filter>
    </ClCompile>
    <ClCompile Include="C:\Users\haven\OneDrive\Documents\Repositories\clucene\src\core\CLucene\search\MultiPhraseQuery.cpp">
      <Filter>search</Filter>
    </ClCompile>
    <ClCompile Include="C:\Users\haven\OneDrive\Documents\Repositories\clucene\src\core\CLucene\search\ConstantScoreQuery.cpp">
      <Filter>search</Filter>
    </ClCompile>
    <ClCompile Include="C:\Users\haven\OneDrive\Documents\Repositories\clucene\src\core\CLucene\search\CachingSpanFilter.cpp">
      <Filter>search</Filter>
    </ClCompile>
    <ClCompile Include="C:\Users\haven\OneDrive\Documents\Repositories\clucene\src\core\CLucene\search\SpanQueryFilter.cpp">
      <Filter>search</Filter>
    </ClCompile>
    <ClCompile Include="C:\Users\haven\OneDrive\Documents\Repositories\clucene\src\core\CLucene\search\spans\NearSpansOrdered.cpp">
      <Filter>search-spans</Filter>
    </ClCompile>
    <ClCompile Include="C:\Users\haven\OneDrive\Documents\Repositories\clucene\src\core\CLucene\search\spans\NearSpansUnordered.cpp">
      <Filter>search-spans</Filter>
    </ClCompile>
    <ClCompile Include="C:\Users\haven\OneDrive\Documents\Repositories\clucene\src\core\CLucene\search\spans\SpanFirstQuery.cpp">
      <Filter>search-spans</Filter>
    </ClCompile>
    <ClCompile Include="C:\Users\haven\OneDrive\Documents\Repositories\clucene\src\core\CLucene\search\spans\SpanNearQuery.cpp">
      <Filter>search-spans</Filter>
    </ClCompile>
    <ClCompile Include="C:\Users\haven\OneDrive\Documents\Repositories\clucene\src\core\CLucene\search\spans\SpanNotQuery.cpp">
      <Filter>search-spans</Filter>
    </ClCompile>
    <ClCompile Include="C:\Users\haven\OneDrive\Documents\Repositories\clucene\src\core\CLucene\search\spans\SpanOrQuery.cpp">
      <Filter>search-spans</Filter>
    </ClCompile>
    <ClCompile Include="C:\Users\haven\OneDrive\Documents\Repositories\clucene\src\core\CLucene\search\spans\SpanScorer.cpp">
      <Filter>search-spans</Filter>
    </ClCompile>
    <ClCompile Include="C:\Users\haven\OneDrive\Documents\Repositories\clucene\src\core\CLucene\search\spans\SpanTermQuery.cpp">
      <Filter>search-spans</Filter>
    </ClCompile>
    <ClCompile Include="C:\Users\haven\OneDrive\Documents\Repositories\clucene\src\core\CLucene\search\spans\SpanWeight.cpp">
      <Filter>search-spans</Filter>
    </ClCompile>
    <ClCompile Include="C:\Users\haven\OneDrive\Documents\Repositories\clucene\src\core\CLucene\search\spans\TermSpans.cpp">
      <Filter>search-spans</Filter>
    </ClCompile>
  </ItemGroup>
  <ItemGroup>
    <ClInclude Include="C:\Users\haven\OneDrive\Documents\Repositories\clucene\src\core\CLucene\search\CachingSpanFilter.h">
      <Filter>search</Filter>
    </ClInclude>
    <ClInclude Include="C:\Users\haven\OneDrive\Documents\Repositories\clucene\src\core\CLucene\search\SpanFilter.h">
      <Filter>search</Filter>
    </ClInclude>
    <ClInclude Include="C:\Users\haven\OneDrive\Documents\Repositories\clucene\src\core\CLucene\search\SpanFilterResult.h">
      <Filter>search</Filter>
    </ClInclude>
    <ClInclude Include="C:\Users\haven\OneDrive\Documents\Repositories\clucene\src\core\CLucene\search\SpanQueryFilter.h">
      <Filter>search</Filter>
    </ClInclude>
    <ClInclude Include="C:\Users\haven\OneDrive\Documents\Repositories\clucene\src\core\CLucene\search\spans\_EmptySpans.h">
      <Filter>search-spans</Filter>
    </ClInclude>
    <ClInclude Include="C:\Users\haven\OneDrive\Documents\Repositories\clucene\src\core\CLucene\search\spans\_NearSpansOrdered.h">
      <Filter>search-spans</Filter>
    </ClInclude>
    <ClInclude Include="C:\Users\haven\OneDrive\Documents\Repositories\clucene\src\core\CLucene\search\spans\_NearSpansUnordered.h">
      <Filter>search-spans</Filter>
    </ClInclude>
    <ClInclude Include="C:\Users\haven\OneDrive\Documents\Repositories\clucene\src\core\CLucene\search\spans\_TermSpans.h">
      <Filter>search-spans</Filter>
    </ClInclude>
    <ClInclude Include="C:\Users\haven\OneDrive\Documents\Repositories\clucene\src\core\CLucene\search\spans\SpanFirstQuery.h">
      <Filter>search-spans</Filter>
    </ClInclude>
    <ClInclude Include="C:\Users\haven\OneDrive\Documents\Repositories\clucene\src\core\CLucene\search\spans\SpanNearQuery.h">
      <Filter>search-spans</Filter>
    </ClInclude>
    <ClInclude Include="C:\Users\haven\OneDrive\Documents\Repositories\clucene\src\core\CLucene\search\spans\SpanNotQuery.h">
      <Filter>search-spans</Filter>
    </ClInclude>
    <ClInclude Include="C:\Users\haven\OneDrive\Documents\Repositories\clucene\src\core\CLucene\search\spans\SpanOrQuery.h">
      <Filter>search-spans</Filter>
    </ClInclude>
    <ClInclude Include="C:\Users\haven\OneDrive\Documents\Repositories\clucene\src\core\CLucene\search\spans\SpanQuery.h">
      <Filter>search-spans</Filter>
    </ClInclude>
    <ClInclude Include="C:\Users\haven\OneDrive\Documents\Repositories\clucene\src\core\CLucene\search\spans\Spans.h">
      <Filter>search-spans</Filter>
    </ClInclude>
    <ClInclude Include="C:\Users\haven\OneDrive\Documents\Repositories\clucene\src\core\CLucene\search\spans\SpanScorer.h">
      <Filter>search-spans</Filter>
    </ClInclude>
    <ClInclude Include="C:\Users\haven\OneDrive\Documents\Repositories\clucene\src\core\CLucene\search\spans\SpanTermQuery.h">
      <Filter>search-spans</Filter>
    </ClInclude>
    <ClInclude Include="C:\Users\haven\OneDrive\Documents\Repositories\clucene\src\core\CLucene\search\spans\SpanWeight.h">
      <Filter>search-spans</Filter>
    </ClInclude>
    <ClInclude Include="C:\Users\haven\OneDrive\Documents\Repositories\clucene\src\core\CLucene.h">
      <Filter>Header Files</Filter>
    </ClInclude>
    <ClInclude Include="C:\Users\haven\OneDrive\Documents\Repositories\clucene\src\core\CLucene\CLConfig.h">
      <Filter>Header Files</Filter>
    </ClInclude>
    <ClInclude Include="C:\Users\haven\OneDrive\Documents\Repositories\clucene\src\core\CLucene\StdHeader.h">
      <Filter>Header Files</Filter>
    </ClInclude>
    <ClInclude Include="C:\Users\haven\OneDrive\Documents\Repositories\clucene\src\core\CLucene\_ApiHeader.h">
      <Filter>Header Files</Filter>
    </ClInclude>
    <ClInclude Include="C:\Users\haven\OneDrive\Documents\Repositories\clucene\src\core\CLucene\analysis\AnalysisHeader.h">
      <Filter>analysis</Filter>
    </ClInclude>
    <ClInclude Include="C:\Users\haven\OneDrive\Documents\Repositories\clucene\src\core\CLucene\analysis\Analyzers.h">
      <Filter>analysis</Filter>
    </ClInclude>
    <ClInclude Include="C:\Users\haven\OneDrive\Documents\Repositories\clucene\src\core\CLucene\analysis\CachingTokenFilter.h">
      <Filter>analysis</Filter>
    </ClInclude>
    <ClInclude Include="C:\Users\haven\OneDrive\Documents\Repositories\clucene\src\core\CLucene\analysis\standard\StandardAnalyzer.h">
      <Filter>analysis-standard</Filter>
    </ClInclude>
    <ClInclude Include="C:\Users\haven\OneDrive\Documents\Repositories\clucene\src\core\CLucene\analysis\standard\StandardFilter.h">
      <Filter>analysis-standard</Filter>
    </ClInclude>
    <ClInclude Include="C:\Users\haven\OneDrive\Documents\Repositories\clucene\src\core\CLucene\analysis\standard\StandardTokenizer.h">
      <Filter>analysis-standard</Filter>
    </ClInclude>
    <ClInclude Include="C:\Users\haven\OneDrive\Documents\Repositories\clucene\src\core\CLucene\analysis\standard\StandardTokenizerConstants.h">
      <Filter>analysis-standard</Filter>
    </ClInclude>
    <ClInclude Include="C:\Users\haven\OneDrive\Documents\Repositories\clucene\src\core\CLucene\debug\error.h">
      <Filter>debug</Filter>
    </ClInclude>
    <ClInclude Include="C:\Users\haven\OneDrive\Documents\Repositories\clucene\src\core\CLucene\debug\lucenebase.h">
      <Filter>debug</Filter>
    </ClInclude>
    <ClInclude Include="C:\Users\haven\OneDrive\Documents\Repositories\clucene\src\core\CLucene\debug\mem.h">
      <Filter>debug</Filter>
    </ClInclude>
    <ClInclude Include="C:\Users\haven\OneDrive\Documents\Repositories\clucene\src\core\CLucene\document\DateField.h">
      <Filter>document</Filter>
    </ClInclude>
    <ClInclude Include="C:\Users\haven\OneDrive\Documents\Repositories\clucene\src\core\CLucene\document\DateTools.h">
      <Filter>document</Filter>
    </ClInclude>
    <ClInclude Include="C:\Users\haven\OneDrive\Documents\Repositories\clucene\src\core\CLucene\document\Document.h">
      <Filter>document</Filter>
    </ClInclude>
    <ClInclude Include="C:\Users\haven\OneDrive\Documents\Repositories\clucene\src\core\CLucene\document\Field.h">
      <Filter>document</Filter>
    </ClInclude>
    <ClInclude Include="C:\Users\haven\OneDrive\Documents\Repositories\clucene\src\core\CLucene\document\FieldSelector.h">
      <Filter>document</Filter>
    </ClInclude>
    <ClInclude Include="C:\Users\haven\OneDrive\Documents\Repositories\clucene\src\core\CLucene\document\NumberTools.h">
      <Filter>document</Filter>
    </ClInclude>
    <ClInclude Include="C:\Users\haven\OneDrive\Documents\Repositories\clucene\src\core\CLucene\index\DirectoryIndexReader.h">
      <Filter>index</Filter>
    </ClInclude>
    <ClInclude Include="C:\Users\haven\OneDrive\Documents\Repositories\clucene\src\core\CLucene\index\IndexDeletionPolicy.h">
      <Filter>index</Filter>
    </ClInclude>
    <ClInclude Include="C:\Users\haven\OneDrive\Documents\Repositories\clucene\src\core\CLucene\index\IndexModifier.h">
      <Filter>index</Filter>
    </ClInclude>
    <ClInclude Include="C:\Users\haven\OneDrive\Documents\Repositories\clucene\src\core\CLucene\index\IndexReader.h">
      <Filter>index</Filter>
    </ClInclude>
    <ClInclude Include="C:\Users\haven\OneDrive\Documents\Repositories\clucene\src\core\CLucene\index\IndexWriter.h">
      <Filter>index</Filter>
    </ClInclude>
    <ClInclude Include="C:\Users\haven\OneDrive\Documents\Repositories\clucene\src\core\CLucene\index\MergePolicy.h">
      <Filter>index</Filter>
    </ClInclude>
    <ClInclude Include="C:\Users\haven\OneDrive\Documents\Repositories\clucene\src\core\CLucene\index\MergeScheduler.h">
      <Filter>index</Filter>
    </ClInclude>
    <ClInclude Include="C:\Users\haven\OneDrive\Documents\Repositories\clucene\src\core\CLucene\index\MultiReader.h">
      <Filter>index</Filter>
    </ClInclude>
    <ClInclude Include="C:\Users\haven\OneDrive\Documents\Repositories\clucene\src\core\CLucene\index\MultipleTermPositions.h">
      <Filter>index</Filter>
    </ClInclude>
    <ClInclude Include="C:\Users\haven\OneDrive\Documents\Repositories\clucene\src\core\CLucene\index\Payload.h">
      <Filter>index</Filter>
    </ClInclude>
    <ClInclude Include="C:\Users\haven\OneDrive\Documents\Repositories\clucene\src\core\CLucene\index\Term.h">
      <Filter>index</Filter>
    </ClInclude>
    <ClInclude Include="C:\Users\haven\OneDrive\Documents\Repositories\clucene\src\core\CLucene\index\TermVector.h">
      <Filter>index</Filter>
    </ClInclude>
    <ClInclude Include="C:\Users\haven\OneDrive\Documents\Repositories\clucene\src\core\CLucene\index\Terms.h">
      <Filter>index</Filter>
    </ClInclude>
    <ClInclude Include="C:\Users\haven\OneDrive\Documents\Repositories\clucene\src\core\CLucene\index\_CompoundFile.h">
      <Filter>index</Filter>
    </ClInclude>
    <ClInclude Include="C:\Users\haven\OneDrive\Documents\Repositories\clucene\src\core\CLucene\index\_DocumentsWriter.h">
      <Filter>index</Filter>
    </ClInclude>
    <ClInclude Include="C:\Users\haven\OneDrive\Documents\Repositories\clucene\src\core\CLucene\index\_FieldInfo.h">
      <Filter>index</Filter>
    </ClInclude>
    <ClInclude Include="C:\Users\haven\OneDrive\Documents\Repositories\clucene\src\core\CLucene\index\_FieldInfos.h">
      <Filter>index</Filter>
    </ClInclude>
    <ClInclude Include="C:\Users\haven\OneDrive\Documents\Repositories\clucene\src\core\CLucene\index\_FieldsReader.h">
      <Filter>index</Filter>
    </ClInclude>
    <ClInclude Include="C:\Users\haven\OneDrive\Documents\Repositories\clucene\src\core\CLucene\index\_FieldsWriter.h">
      <Filter>index</Filter>
    </ClInclude>
    <ClInclude Include="C:\Users\haven\OneDrive\Documents\Repositories\clucene\src\core\CLucene\index\_IndexFileDeleter.h">
      <Filter>index</Filter>
    </ClInclude>
    <ClInclude Include="C:\Users\haven\OneDrive\Documents\Repositories\clucene\src\core\CLucene\index\_IndexFileNameFilter.h">
      <Filter>index</Filter>
    </ClInclude>
    <ClInclude Include="C:\Users\haven\OneDrive\Documents\Repositories\clucene\src\core\CLucene\index\_IndexFileNames.h">
      <Filter>index</Filter>
    </ClInclude>
    <ClInclude Include="C:\Users\haven\OneDrive\Documents\Repositories\clucene\src\core\CLucene\index\_MultiSegmentReader.h">
      <Filter>index</Filter>
    </ClInclude>
    <ClInclude Include="C:\Users\haven\OneDrive\Documents\Repositories\clucene\src\core\CLucene\index\_SegmentHeader.h">
      <Filter>index</Filter>
    </ClInclude>
    <ClInclude Include="C:\Users\haven\OneDrive\Documents\Repositories\clucene\src\core\CLucene\index\_SegmentInfos.h">
      <Filter>index</Filter>
    </ClInclude>
    <ClInclude Include="C:\Users\haven\OneDrive\Documents\Repositories\clucene\src\core\CLucene\index\_SegmentMergeInfo.h">
      <Filter>index</Filter>
    </ClInclude>
    <ClInclude Include="C:\Users\haven\OneDrive\Documents\Repositories\clucene\src\core\CLucene\index\_SegmentMergeQueue.h">
      <Filter>index</Filter>
    </ClInclude>
    <ClInclude Include="C:\Users\haven\OneDrive\Documents\Repositories\clucene\src\core\CLucene\index\_SegmentMerger.h">
      <Filter>index</Filter>
    </ClInclude>
    <ClInclude Include="C:\Users\haven\OneDrive\Documents\Repositories\clucene\src\core\CLucene\index\_SegmentTermEnum.h">
      <Filter>index</Filter>
    </ClInclude>
    <ClInclude Include="C:\Users\haven\OneDrive\Documents\Repositories\clucene\src\core\CLucene\index\_SkipListReader.h">
      <Filter>index</Filter>
    </ClInclude>
    <ClInclude Include="C:\Users\haven\OneDrive\Documents\Repositories\clucene\src\core\CLucene\index\_SkipListWriter.h">
      <Filter>index</Filter>
    </ClInclude>
    <ClInclude Include="C:\Users\haven\OneDrive\Documents\Repositories\clucene\src\core\CLucene\index\_Term.h">
      <Filter>index</Filter>
    </ClInclude>
    <ClInclude Include="C:\Users\haven\OneDrive\Documents\Repositories\clucene\src\core\CLucene\index\_TermInfo.h">
      <Filter>index</Filter>
    </ClInclude>
    <ClInclude Include="C:\Users\haven\OneDrive\Documents\Repositories\clucene\src\core\CLucene\index\_TermInfosReader.h">
      <Filter>index</Filter>
    </ClInclude>
    <ClInclude Include="C:\Users\haven\OneDrive\Documents\Repositories\clucene\src\core\CLucene\index\_TermInfosWriter.h">
      <Filter>index</Filter>
    </ClInclude>
    <ClInclude Include="C:\Users\haven\OneDrive\Documents\Repositories\clucene\src\core\CLucene\index\_TermVector.h">
      <Filter>index</Filter>
    </ClInclude>
    <ClInclude Include="C:\Users\haven\OneDrive\Documents\Repositories\clucene\src\core\CLucene\queryParser\MultiFieldQueryParser.h">
      <Filter>queryParser</Filter>
    </ClInclude>
    <ClInclude Include="C:\Users\haven\OneDrive\Documents\Repositories\clucene\src\core\CLucene\queryParser\QueryParser.h">
      <Filter>queryParser</Filter>
    </ClInclude>
    <ClInclude Include="C:\Users\haven\OneDrive\Documents\Repositories\clucene\src\core\CLucene\queryParser\QueryParserConstants.h">
      <Filter>queryParser</Filter>
    </ClInclude>
    <ClInclude Include="C:\Users\haven\OneDrive\Documents\Repositories\clucene\src\core\CLucene\queryParser\QueryParserTokenManager.h">
      <Filter>queryParser</Filter>
    </ClInclude>
    <ClInclude Include="C:\Users\haven\OneDrive\Documents\Repositories\clucene\src\core\CLucene\queryParser\QueryToken.h">
      <Filter>queryParser</Filter>
    </ClInclude>
    <ClInclude Include="C:\Users\haven\OneDrive\Documents\Repositories\clucene\src\core\CLucene\queryParser\_CharStream.h">
      <Filter>queryParser</Filter>
    </ClInclude>
    <ClInclude Include="C:\Users\haven\OneDrive\Documents\Repositories\clucene\src\core\CLucene\queryParser\_FastCharStream.h">
      <Filter>queryParser</Filter>
    </ClInclude>
    <ClInclude Include="C:\Users\haven\OneDrive\Documents\Repositories\clucene\src\core\CLucene\queryParser\legacy\MultiFieldQueryParser.h">
      <Filter>queryParser-legacy</Filter>
    </ClInclude>
    <ClInclude Include="C:\Users\haven\OneDrive\Documents\Repositories\clucene\src\core\CLucene\queryParser\legacy\QueryParser.h">
      <Filter>queryParser-legacy</Filter>
    </ClInclude>
    <ClInclude Include="C:\Users\haven\OneDrive\Documents\Repositories\clucene\src\core\CLucene\queryParser\legacy\QueryToken.h">
      <Filter>queryParser-legacy</Filter>
    </ClInclude>
    <ClInclude Include="C:\Users\haven\OneDrive\Documents\Repositories\clucene\src\core\CLucene\queryParser\legacy\_Lexer.h">
      <Filter>queryParser-legacy</Filter>
    </ClInclude>
    <ClInclude Include="C:\Users\haven\OneDrive\Documents\Repositories\clucene\src\core\CLucene\queryParser\legacy\_TokenList.h">
      <Filter>queryParser-legacy</Filter>
    </ClInclude>
    <ClInclude Include="C:\Users\haven\OneDrive\Documents\Repositories\clucene\src\core\CLucene\search\BooleanClause.h">
      <Filter>search</Filter>
    </ClInclude>
    <ClInclude Include="C:\Users\haven\OneDrive\Documents\Repositories\clucene\src\core\CLucene\search\BooleanQuery.h">
      <Filter>search</Filter>
    </ClInclude>
    <ClInclude Include="C:\Users\haven\OneDrive\Documents\Repositories\clucene\src\core\CLucene\search\CachingWrapperFilter.h">
      <Filter>search</Filter>
    </ClInclude>
    <ClInclude Include="C:\Users\haven\OneDrive\Documents\Repositories\clucene\src\core\CLucene\search\ChainedFilter.h">
      <Filter>search</Filter>
    </ClInclude>
    <ClInclude Include="C:\Users\haven\OneDrive\Documents\Repositories\clucene\src\core\CLucene\search\Compare.h">
      <Filter>search</Filter>
    </ClInclude>
    <ClInclude Include="C:\Users\haven\OneDrive\Documents\Repositories\clucene\src\core\CLucene\search\ConstantScoreQuery.h">
      <Filter>search</Filter>
    </ClInclude>
    <ClInclude Include="C:\Users\haven\OneDrive\Documents\Repositories\clucene\src\core\CLucene\search\DateFilter.h">
      <Filter>search</Filter>
    </ClInclude>
    <ClInclude Include="C:\Users\haven\OneDrive\Documents\Repositories\clucene\src\core\CLucene\search\Explanation.h">
      <Filter>search</Filter>
    </ClInclude>
    <ClInclude Include="C:\Users\haven\OneDrive\Documents\Repositories\clucene\src\core\CLucene\search\FieldCache.h">
      <Filter>search</Filter>
    </ClInclude>
    <ClInclude Include="C:\Users\haven\OneDrive\Documents\Repositories\clucene\src\core\CLucene\search\FieldDoc.h">
      <Filter>search</Filter>
    </ClInclude>
    <ClInclude Include="C:\Users\haven\OneDrive\Documents\Repositories\clucene\src\core\CLucene\search\FieldSortedHitQueue.h">
      <Filter>search</Filter>
    </ClInclude>
    <ClInclude Include="C:\Users\haven\OneDrive\Documents\Repositories\clucene\src\core\CLucene\search\Filter.h">
      <Filter>search</Filter>
    </ClInclude>
    <ClInclude Include="C:\Users\haven\OneDrive\Documents\Repositories\clucene\src\core\CLucene\search\FilterResultCache.h">
      <Filter>search</Filter>
    </ClInclude>
    <ClInclude Include="C:\Users\haven\OneDrive\Documents\Repositories\clucene\src\core\CLucene\search\FilteredTermEnum.h">
      <Filter>search</Filter>
    </ClInclude>
    <ClInclude Include="C:\Users\haven\OneDrive\Documents\Repositories\clucene\src\core\CLucene\search\FuzzyQuery.h">
      <Filter>search</Filter>
    </ClInclude>
    <ClInclude Include="C:\Users\haven\OneDrive\Documents\Repositories\clucene\src\core\CLucene\search\Hits.h">
      <Filter>search</Filter>
    </ClInclude>
    <ClInclude Include="C:\Users\haven\OneDrive\Documents\Repositories\clucene\src\core\CLucene\search\IndexSearcher.h">
      <Filter>search</Filter>
    </ClInclude>
    <ClInclude Include="C:\Users\haven\OneDrive\Documents\Repositories\clucene\src\core\CLucene\search\MatchAllDocsQuery.h">
      <Filter>search</Filter>
    </ClInclude>
    <ClInclude Include="C:\Users\haven\OneDrive\Documents\Repositories\clucene\src\core\CLucene\search\MultiPhraseQuery.h">
      <Filter>search</Filter>
    </ClInclude>
    <ClInclude Include="C:\Users\haven\OneDrive\Documents\Repositories\clucene\src\core\CLucene\search\MultiSearcher.h">
      <Filter>search</Filter>
    </ClInclude>
    <ClInclude Include="C:\Users\haven\OneDrive\Documents\Repositories\clucene\src\core\CLucene\search\MultiTermQuery.h">
      <Filter>search</Filter>
    </ClInclude>
    <ClInclude Include="C:\Users\haven\OneDrive\Documents\Repositories\clucene\src\core\CLucene\search\PhraseQuery.h">
      <Filter>search</Filter>
    </ClInclude>
    <ClInclude Include="C:\Users\haven\OneDrive\Documents\Repositories\clucene\src\core\CLucene\search\PrefixQuery.h">
      <Filter>search</Filter>
    </ClInclude>
    <ClInclude Include="C:\Users\haven\OneDrive\Documents\Repositories\clucene\src\core\CLucene\search\Query.h">
      <Filter>search</Filter>
    </ClInclude>
    <ClInclude Include="C:\Users\haven\OneDrive\Documents\Repositories\clucene\src\core\CLucene\search\QueryFilter.h">
      <Filter>search</Filter>
    </ClInclude>
    <ClInclude Include="C:\Users\haven\OneDrive\Documents\Repositories\clucene\src\core\CLucene\search\RangeFilter.h">
      <Filter>search</Filter>
    </ClInclude>
    <ClInclude Include="C:\Users\haven\OneDrive\Documents\Repositories\clucene\src\core\CLucene\search\RangeQuery.h">
      <Filter>search</Filter>
    </ClInclude>
    <ClInclude Include="C:\Users\haven\OneDrive\Documents\Repositories\clucene\src\core\CLucene\search\Scorer.h">
      <Filter>search</Filter>
    </ClInclude>
    <ClInclude Include="C:\Users\haven\OneDrive\Documents\Repositories\clucene\src\core\CLucene\search\ScorerDocQueue.h">
      <Filter>search</Filter>
    </ClInclude>
    <ClInclude Include="C:\Users\haven\OneDrive\Documents\Repositories\clucene\src\core\CLucene\search\SearchHeader.h">
      <Filter>search</Filter>
    </ClInclude>
    <ClInclude Include="C:\Users\haven\OneDrive\Documents\Repositories\clucene\src\core\CLucene\search\Searchable.h">
      <Filter>search</Filter>
    </ClInclude>
    <ClInclude Include="C:\Users\haven\OneDrive\Documents\Repositories\clucene\src\core\CLucene\search\Similarity.h">
      <Filter>search</Filter>
    </ClInclude>
    <ClInclude Include="C:\Users\haven\OneDrive\Documents\Repositories\clucene\src\core\CLucene\search\Sort.h">
      <Filter>search</Filter>
    </ClInclude>
    <ClInclude Include="C:\Users\haven\OneDrive\Documents\Repositories\clucene\src\core\CLucene\search\TermQuery.h">
      <Filter>search</Filter>
    </ClInclude>
    <ClInclude Include="C:\Users\haven\OneDrive\Documents\Repositories\clucene\src\core\CLucene\search\WildcardQuery.h">
      <Filter>search</Filter>
    </ClInclude>
    <ClInclude Include="C:\Users\haven\OneDrive\Documents\Repositories\clucene\src\core\CLucene\search\WildcardTermEnum.h">
      <Filter>search</Filter>
    </ClInclude>
    <ClInclude Include="C:\Users\haven\OneDrive\Documents\Repositories\clucene\src\core\CLucene\search\_BooleanScorer.h">
      <Filter>search</Filter>
    </ClInclude>
    <ClInclude Include="C:\Users\haven\OneDrive\Documents\Repositories\clucene\src\core\CLucene\search\_BooleanScorer2.h">
      <Filter>search</Filter>
    </ClInclude>
    <ClInclude Include="C:\Users\haven\OneDrive\Documents\Repositories\clucene\src\core\CLucene\search\_ConjunctionScorer.h">
      <Filter>search</Filter>
    </ClInclude>
    <ClInclude Include="C:\Users\haven\OneDrive\Documents\Repositories\clucene\src\core\CLucene\search\_DisjunctionSumScorer.h">
      <Filter>search</Filter>
    </ClInclude>
    <ClInclude Include="C:\Users\haven\OneDrive\Documents\Repositories\clucene\src\core\CLucene\search\_ExactPhraseScorer.h">
      <Filter>search</Filter>
    </ClInclude>
    <ClInclude Include="C:\Users\haven\OneDrive\Documents\Repositories\clucene\src\core\CLucene\search\_FieldCacheImpl.h">
      <Filter>search</Filter>
    </ClInclude>
    <ClInclude Include="C:\Users\haven\OneDrive\Documents\Repositories\clucene\src\core\CLucene\search\_FieldDocSortedHitQueue.h">
      <Filter>search</Filter>
    </ClInclude>
    <ClInclude Include="C:\Users\haven\OneDrive\Documents\Repositories\clucene\src\core\CLucene\search\_HitQueue.h">
      <Filter>search</Filter>
    </ClInclude>
    <ClInclude Include="C:\Users\haven\OneDrive\Documents\Repositories\clucene\src\core\CLucene\search\_PhrasePositions.h">
      <Filter>search</Filter>
    </ClInclude>
    <ClInclude Include="C:\Users\haven\OneDrive\Documents\Repositories\clucene\src\core\CLucene\search\_PhraseQueue.h">
      <Filter>search</Filter>
    </ClInclude>
    <ClInclude Include="C:\Users\haven\OneDrive\Documents\Repositories\clucene\src\core\CLucene\search\_PhraseScorer.h">
      <Filter>search</Filter>
    </ClInclude>
    <ClInclude Include="C:\Users\haven\OneDrive\Documents\Repositories\clucene\src\core\CLucene\search\_SloppyPhraseScorer.h">
      <Filter>search</Filter>
    </ClInclude>
    <ClInclude Include="C:\Users\haven\OneDrive\Documents\Repositories\clucene\src\core\CLucene\search\_TermScorer.h">
      <Filter>search</Filter>
    </ClInclude>
    <ClInclude Include="C:\Users\haven\OneDrive\Documents\Repositories\clucene\src\core\CLucene\store\Directory.h">
      <Filter>store</Filter>
    </ClInclude>
    <ClInclude Include="C:\Users\haven\OneDrive\Documents\Repositories\clucene\src\core\CLucene\store\FSDirectory.h">
      <Filter>store</Filter>
    </ClInclude>
    <ClInclude Include="C:\Users\haven\OneDrive\Documents\Repositories\clucene\src\core\CLucene\store\IndexInput.h">
      <Filter>store</Filter>
    </ClInclude>
    <ClInclude Include="C:\Users\haven\OneDrive\Documents\Repositories\clucene\src\core\CLucene\store\IndexOutput.h">
      <Filter>store</Filter>
    </ClInclude>
    <ClInclude Include="C:\Users\haven\OneDrive\Documents\Repositories\clucene\src\core\CLucene\store\Lock.h">
      <Filter>store</Filter>
    </ClInclude>
    <ClInclude Include="C:\Users\haven\OneDrive\Documents\Repositories\clucene\src\core\CLucene\store\LockFactory.h">
      <Filter>store</Filter>
    </ClInclude>
    <ClInclude Include="C:\Users\haven\OneDrive\Documents\Repositories\clucene\src\core\CLucene\store\RAMDirectory.h">
      <Filter>store</Filter>
    </ClInclude>
    <ClInclude Include="C:\Users\haven\OneDrive\Documents\Repositories\clucene\src\core\CLucene\store\_Lock.h">
      <Filter>store</Filter>
    </ClInclude>
    <ClInclude Include="C:\Users\haven\OneDrive\Documents\Repositories\clucene\src\core\CLucene\store\_MMapIndexInput.h">
      <Filter>store</Filter>
    </ClInclude>
    <ClInclude Include="C:\Users\haven\OneDrive\Documents\Repositories\clucene\src\core\CLucene\store\_RAMDirectory.h">
      <Filter>store</Filter>
    </ClInclude>
    <ClInclude Include="C:\Users\haven\OneDrive\Documents\Repositories\clucene\src\core\CLucene\util\Array.h">
      <Filter>util</Filter>
    </ClInclude>
    <ClInclude Include="C:\Users\haven\OneDrive\Documents\Repositories\clucene\src\core\CLucene\util\BitSet.h">
      <Filter>util</Filter>
    </ClInclude>
    <ClInclude Include="C:\Users\haven\OneDrive\Documents\Repositories\clucene\src\core\CLucene\util\CLStreams.h">
      <Filter>util</Filter>
    </ClInclude>
    <ClInclude Include="C:\Users\haven\OneDrive\Documents\Repositories\clucene\src\core\CLucene\util\Equators.h">
      <Filter>util</Filter>
    </ClInclude>
    <ClInclude Include="C:\Users\haven\OneDrive\Documents\Repositories\clucene\src\core\CLucene\util\PriorityQueue.h">
      <Filter>util</Filter>
    </ClInclude>
    <ClInclude Include="C:\Users\haven\OneDrive\Documents\Repositories\clucene\src\core\CLucene\util\Reader.h">
      <Filter>util</Filter>
    </ClInclude>
    <ClInclude Include="C:\Users\haven\OneDrive\Documents\Repositories\clucene\src\core\CLucene\util\VoidList.h">
      <Filter>util</Filter>
    </ClInclude>
    <ClInclude Include="C:\Users\haven\OneDrive\Documents\Repositories\clucene\src\core\CLucene\util\VoidMap.h">
      <Filter>util</Filter>
    </ClInclude>
    <ClInclude Include="C:\Users\haven\OneDrive\Documents\Repositories\clucene\src\core\CLucene\util\_Arrays.h">
      <Filter>util</Filter>
    </ClInclude>
    <ClInclude Include="C:\Users\haven\OneDrive\Documents\Repositories\clucene\src\core\CLucene\util\_FastCharStream.h">
      <Filter>util</Filter>
    </ClInclude>
    <ClInclude Include="C:\Users\haven\OneDrive\Documents\Repositories\clucene\src\core\CLucene\util\_MD5Digester.h">
      <Filter>util</Filter>
    </ClInclude>
    <ClInclude Include="C:\Users\haven\OneDrive\Documents\Repositories\clucene\src\core\CLucene\util\_StringIntern.h">
      <Filter>util</Filter>
    </ClInclude>
    <ClInclude Include="C:\Users\haven\OneDrive\Documents\Repositories\clucene\src\core\CLucene\util\_ThreadLocal.h">
      <Filter>util</Filter>
    </ClInclude>
    <ClInclude Include="C:\Users\haven\OneDrive\Documents\Repositories\clucene\src\core\CLucene\util\_VoidList.h">
      <Filter>util</Filter>
    </ClInclude>
    <ClInclude Include="C:\Users\haven\OneDrive\Documents\Repositories\clucene\src\core\CLucene\util\_VoidMap.h">
      <Filter>util</Filter>
    </ClInclude>
    <ClInclude Include="C:\Users\haven\OneDrive\Documents\Repositories\clucene\src\core\CLucene\util\_bufferedstream.h">
      <Filter>util</Filter>
    </ClInclude>
    <ClInclude Include="C:\Users\haven\OneDrive\Documents\Repositories\clucene\src\core\CLucene\util\_streambase.h">
      <Filter>util</Filter>
    </ClInclude>
    <ClInclude Include="C:\Users\haven\OneDrive\Documents\Repositories\clucene\src\core\CLucene\util\_streambuffer.h">
      <Filter>util</Filter>
    </ClInclude>
  </ItemGroup>
  <ItemGroup>
    <CustomBuild Include="C:\Users\haven\OneDrive\Documents\Repositories\clucene\src\core\CMakeLists.txt" />
  </ItemGroup>
  <ItemGroup>
    <Filter Include="Source Files">
      <UniqueIdentifier>{7AAB3B70-5011-31AB-8080-9D8AAD9BCCED}</UniqueIdentifier>
    </Filter>
    <Filter Include="Header Files">
      <UniqueIdentifier>{A7B56B7B-42D0-3EA4-A8C5-29F4DC94AE66}</UniqueIdentifier>
    </Filter>
    <Filter Include="analysis">
      <UniqueIdentifier>{8D9B5E48-C431-354F-9B04-21B758665375}</UniqueIdentifier>
    </Filter>
    <Filter Include="analysis-standard">
      <UniqueIdentifier>{266571ED-4EBE-3073-AFCD-E0134B0B74DE}</UniqueIdentifier>
    </Filter>
    <Filter Include="document">
      <UniqueIdentifier>{2106DB60-5029-3AA6-939D-59AEAFCE69FE}</UniqueIdentifier>
    </Filter>
    <Filter Include="debug">
      <UniqueIdentifier>{1C939D6F-088E-3FC6-B224-F5836BF80F6A}</UniqueIdentifier>
    </Filter>
    <Filter Include="index">
      <UniqueIdentifier>{5CDE1185-5BEA-33B6-9FE2-D26583F4DF3D}</UniqueIdentifier>
    </Filter>
    <Filter Include="queryParser">
      <UniqueIdentifier>{7E2C07BA-0331-3DCF-B682-62CD235AF44D}</UniqueIdentifier>
    </Filter>
    <Filter Include="queryParser-legacy">
      <UniqueIdentifier>{D934B79F-DF1A-3E3A-BA54-370F544AE73C}</UniqueIdentifier>
    </Filter>
    <Filter Include="search">
      <UniqueIdentifier>{F7991B66-7D3B-3F9A-8409-84318CE862CA}</UniqueIdentifier>
    </Filter>
    <Filter Include="search-spans">
      <UniqueIdentifier>{1D0F8159-CE9A-3C25-8C72-7A1E6E21301E}</UniqueIdentifier>
    </Filter>
    <Filter Include="store">
      <UniqueIdentifier>{7BE88328-E5C4-3F38-B3EF-63B30E78E457}</UniqueIdentifier>
    </Filter>
    <Filter Include="util">
      <UniqueIdentifier>{832BE461-1EC7-3760-9A13-D83AAE1D5D7A}</UniqueIdentifier>
    </Filter>
  </ItemGroup>
</Project>
