<?xml version="1.0" encoding="UTF-8"?>
<Project ToolsVersion="14.0" xmlns="http://schemas.microsoft.com/developer/msbuild/2003">
  <ItemGroup>
    <ClCompile Include="C:\Users\haven\OneDrive\Documents\Repositories\clucene\src\test\tests.cpp">
      <Filter>unit_testing</Filter>
    </ClCompile>
    <ClCompile Include="C:\Users\haven\OneDrive\Documents\Repositories\clucene\src\test\CuTest.cpp">
      <Filter>unit_testing</Filter>
    </ClCompile>
    <ClCompile Include="C:\Users\haven\OneDrive\Documents\Repositories\clucene\src\test\testall.cpp">
      <Filter>unit_testing</Filter>
    </ClCompile>
    <ClCompile Include="C:\Users\haven\OneDrive\Documents\Repositories\clucene\src\test\queryParser\TestQueryParser.cpp">
      <Filter>queryParser</Filter>
    </ClCompile>
    <ClCompile Include="C:\Users\haven\OneDrive\Documents\Repositories\clucene\src\test\queryParser\TestMultiFieldQueryParser.cpp">
      <Filter>queryParser</Filter>
    </ClCompile>
    <ClCompile Include="C:\Users\haven\OneDrive\Documents\Repositories\clucene\src\test\analysis\TestAnalysis.cpp">
      <Filter>analysis</Filter>
    </ClCompile>
    <ClCompile Include="C:\Users\haven\OneDrive\Documents\Repositories\clucene\src\test\analysis\TestAnalyzers.cpp">
      <Filter>analysis</Filter>
    </ClCompile>
    <ClCompile Include="C:\Users\haven\OneDrive\Documents\Repositories\clucene\src\test\debug\TestError.cpp">
      <Filter>debug</Filter>
    </ClCompile>
    <ClCompile Include="C:\Users\haven\OneDrive\Documents\Repositories\clucene\src\test\document\TestDateTools.cpp">
      <Filter>document</Filter>
    </ClCompile>
    <ClCompile Include="C:\Users\haven\OneDrive\Documents\Repositories\clucene\src\test\document\TestDocument.cpp">
      <Filter>document</Filter>
    </ClCompile>
    <ClCompile Include="C:\Users\haven\OneDrive\Documents\Repositories\clucene\src\test\document\TestNumberTools.cpp">
      <Filter>document</Filter>
    </ClCompile>
    <ClCompile Include="C:\Users\haven\OneDrive\Documents\Repositories\clucene\src\test\document\TestField.cpp">
      <Filter>document</Filter>
    </ClCompile>
    <ClCompile Include="C:\Users\haven\OneDrive\Documents\Repositories\clucene\src\test\store\TestStore.cpp">
      <Filter>store</Filter>
    </ClCompile>
    <ClCompile Include="C:\Users\haven\OneDrive\Documents\Repositories\clucene\src\test\store\MockRAMDirectory.cpp">
      <Filter>store</Filter>
    </ClCompile>
    <ClCompile Include="C:\Users\haven\OneDrive\Documents\Repositories\clucene\src\test\store\TestRAMDirectory.cpp">
      <Filter>store</Filter>
    </ClCompile>
    <ClCompile Include="C:\Users\haven\OneDrive\Documents\Repositories\clucene\src\test\search\TestBoolean.cpp">
      <Filter>search</Filter>
    </ClCompile>
    <ClCompile Include="C:\Users\haven\OneDrive\Documents\Repositories\clucene\src\test\search\TestDateFilter.cpp">
      <Filter>search</Filter>
    </ClCompile>
    <ClCompile Include="C:\Users\haven\OneDrive\Documents\Repositories\clucene\src\test\search\TestForDuplicates.cpp">
      <Filter>search</Filter>
    </ClCompile>
    <ClCompile Include="C:\Users\haven\OneDrive\Documents\Repositories\clucene\src\test\search\TestQueries.cpp">
      <Filter>search</Filter>
    </ClCompile>
    <ClCompile Include="C:\Users\haven\OneDrive\Documents\Repositories\clucene\src\test\search\TestRangeFilter.cpp">
      <Filter>search</Filter>
    </ClCompile>
    <ClCompile Include="C:\Users\haven\OneDrive\Documents\Repositories\clucene\src\test\search\TestSearch.cpp">
      <Filter>search</Filter>
    </ClCompile>
    <ClCompile Include="C:\Users\haven\OneDrive\Documents\Repositories\clucene\src\test\search\TestSort.cpp">
      <Filter>search</Filter>
    </ClCompile>
    <ClCompile Include="C:\Users\haven\OneDrive\Documents\Repositories\clucene\src\test\search\TestWildcard.cpp">
      <Filter>search</Filter>
    </ClCompile>
    <ClCompile Include="C:\Users\haven\OneDrive\Documents\Repositories\clucene\src\test\search\TestTermVector.cpp">
      <Filter>search</Filter>
    </ClCompile>
    <ClCompile Include="C:\Users\haven\OneDrive\Documents\Repositories\clucene\src\test\search\TestExtractTerms.cpp">
      <Filter>search</Filter>
    </ClCompile>
    <ClCompile Include="C:\Users\haven\OneDrive\Documents\Repositories\clucene\src\test\search\TestConstantScoreRangeQuery.cpp">
      <Filter>search</Filter>
    </ClCompile>
    <ClCompile Include="C:\Users\haven\OneDrive\Documents\Repositories\clucene\src\test\search\TestIndexSearcher.cpp">
      <Filter>search</Filter>
    </ClCompile>
    <ClCompile Include="C:\Users\haven\OneDrive\Documents\Repositories\clucene\src\test\index\IndexWriter4Test.cpp">
      <Filter>index</Filter>
    </ClCompile>
    <ClCompile Include="C:\Users\haven\OneDrive\Documents\Repositories\clucene\src\test\search\BaseTestRangeFilter.cpp">
      <Filter>search</Filter>
    </ClCompile>
    <ClCompile Include="C:\Users\haven\OneDrive\Documents\Repositories\clucene\src\test\search\QueryUtils.cpp">
      <Filter>search</Filter>
    </ClCompile>
    <ClCompile Include="C:\Users\haven\OneDrive\Documents\Repositories\clucene\src\test\search\CheckHits.cpp">
      <Filter>search</Filter>
    </ClCompile>
    <ClCompile Include="C:\Users\haven\OneDrive\Documents\Repositories\clucene\src\test\search\TestExplanations.cpp">
      <Filter>search</Filter>
    </ClCompile>
    <ClCompile Include="C:\Users\haven\OneDrive\Documents\Repositories\clucene\src\test\search\spans\TestSpans.cpp">
      <Filter>search-spans</Filter>
    </ClCompile>
    <ClCompile Include="C:\Users\haven\OneDrive\Documents\Repositories\clucene\src\test\search\spans\TestSpanQueries.cpp">
      <Filter>search-spans</Filter>
    </ClCompile>
    <ClCompile Include="C:\Users\haven\OneDrive\Documents\Repositories\clucene\src\test\search\spans\TestBasics.cpp">
      <Filter>search-spans</Filter>
    </ClCompile>
    <ClCompile Include="C:\Users\haven\OneDrive\Documents\Repositories\clucene\src\test\search\spans\TestSpansAdvanced.cpp">
      <Filter>search-spans</Filter>
    </ClCompile>
    <ClCompile Include="C:\Users\haven\OneDrive\Documents\Repositories\clucene\src\test\search\spans\TestSpansAdvanced2.cpp">
      <Filter>search-spans</Filter>
    </ClCompile>
    <ClCompile Include="C:\Users\haven\OneDrive\Documents\Repositories\clucene\src\test\search\spans\TestNearSpansOrdered.cpp">
      <Filter>search-spans</Filter>
    </ClCompile>
    <ClCompile Include="C:\Users\haven\OneDrive\Documents\Repositories\clucene\src\test\search\spans\TestSpanExplanations.cpp">
      <Filter>search-spans</Filter>
    </ClCompile>
    <ClCompile Include="C:\Users\haven\OneDrive\Documents\Repositories\clucene\src\test\search\spans\TestSpanExplanationsOfNonMatches.cpp">
      <Filter>search-spans</Filter>
    </ClCompile>
    <ClCompile Include="C:\Users\haven\OneDrive\Documents\Repositories\clucene\src\test\index\TestIndexModifier.cpp">
      <Filter>index</Filter>
    </ClCompile>
    <ClCompile Include="C:\Users\haven\OneDrive\Documents\Repositories\clucene\src\test\index\TestIndexWriter.cpp">
      <Filter>index</Filter>
    </ClCompile>
    <ClCompile Include="C:\Users\haven\OneDrive\Documents\Repositories\clucene\src\test\index\TestIndexReader.cpp">
      <Filter>index</Filter>
    </ClCompile>
    <ClCompile Include="C:\Users\haven\OneDrive\Documents\Repositories\clucene\src\test\index\TestThreading.cpp">
      <Filter>index</Filter>
    </ClCompile>
    <ClCompile Include="C:\Users\haven\OneDrive\Documents\Repositories\clucene\src\test\index\TestUtf8.cpp">
      <Filter>index</Filter>
    </ClCompile>
    <ClCompile Include="C:\Users\haven\OneDrive\Documents\Repositories\clucene\src\test\index\TestHighFreqTerms.cpp">
      <Filter>index</Filter>
    </ClCompile>
    <ClCompile Include="C:\Users\haven\OneDrive\Documents\Repositories\clucene\src\test\index\TestReuters.cpp">
      <Filter>index</Filter>
    </ClCompile>
    <ClCompile Include="C:\Users\haven\OneDrive\Documents\Repositories\clucene\src\test\index\TestAddIndexesNoOptimize.cpp">
      <Filter>index</Filter>
    </ClCompile>
    <ClCompile Include="C:\Users\haven\OneDrive\Documents\Repositories\clucene\src\test\index\TestTermVectorsReader.cpp">
      <Filter>index</Filter>
    </ClCompile>
    <ClCompile Include="C:\Users\haven\OneDrive\Documents\Repositories\clucene\src\test\util\TestPriorityQueue.cpp">
      <Filter>util</Filter>
    </ClCompile>
    <ClCompile Include="C:\Users\haven\OneDrive\Documents\Repositories\clucene\src\test\util\TestBitSet.cpp">
      <Filter>util</Filter>
    </ClCompile>
    <ClCompile Include="C:\Users\haven\OneDrive\Documents\Repositories\clucene\src\test\util\TestStringBuffer.cpp">
      <Filter>util</Filter>
    </ClCompile>
    <ClCompile Include="C:\Users\haven\OneDrive\Documents\Repositories\clucene\src\test\util\English.cpp">
      <Filter>util</Filter>
    </ClCompile>
  </ItemGroup>
  <ItemGroup>
    <ClInclude Include="C:\Users\haven\OneDrive\Documents\Repositories\clucene\src\test\search\MockScorer.h">
      <Filter>search</Filter>
    </ClInclude>
    <ClInclude Include="C:\Users\haven\OneDrive\Documents\Repositories\clucene\src\test\search\MockHitCollector.h">
      <Filter>search</Filter>
    </ClInclude>
    <ClInclude Include="C:\Users\haven\OneDrive\Documents\Repositories\clucene\src\test\search\BaseTestRangeFilter.h">
      <Filter>search</Filter>
    </ClInclude>
    <ClInclude Include="C:\Users\haven\OneDrive\Documents\Repositories\clucene\src\test\search\QueryUtils.h">
      <Filter>search</Filter>
    </ClInclude>
    <ClInclude Include="C:\Users\haven\OneDrive\Documents\Repositories\clucene\src\test\search\CheckHits.h">
      <Filter>search</Filter>
    </ClInclude>
    <ClInclude Include="C:\Users\haven\OneDrive\Documents\Repositories\clucene\src\test\search\TestExplanations.h">
      <Filter>search</Filter>
    </ClInclude>
    <ClInclude Include="C:\Users\haven\OneDrive\Documents\Repositories\clucene\src\test\search\spans\TestSpans.h">
      <Filter>search-spans</Filter>
    </ClInclude>
    <ClInclude Include="C:\Users\haven\OneDrive\Documents\Repositories\clucene\src\test\search\spans\TestBasics.h">
      <Filter>search-spans</Filter>
    </ClInclude>
    <ClInclude Include="C:\Users\haven\OneDrive\Documents\Repositories\clucene\src\test\search\spans\TestSpansAdvanced.h">
      <Filter>search-spans</Filter>
    </ClInclude>
    <ClInclude Include="C:\Users\haven\OneDrive\Documents\Repositories\clucene\src\test\search\spans\TestSpansAdvanced2.h">
      <Filter>search-spans</Filter>
    </ClInclude>
    <ClInclude Include="C:\Users\haven\OneDrive\Documents\Repositories\clucene\src\test\search\spans\TestNearSpansOrdered.h">
      <Filter>search-spans</Filter>
    </ClInclude>
    <ClInclude Include="C:\Users\haven\OneDrive\Documents\Repositories\clucene\src\test\search\spans\TestSpanExplanations.h">
      <Filter>search-spans</Filter>
    </ClInclude>
    <ClInclude Include="C:\Users\haven\OneDrive\Documents\Repositories\clucene\src\test\search\spans\TestSpanExplanationsOfNonMatches.h">
      <Filter>search-spans</Filter>
    </ClInclude>
  </ItemGroup>
  <ItemGroup>
    <CustomBuild Include="C:\Users\haven\OneDrive\Documents\Repositories\clucene\src\test\CMakeLists.txt" />
  </ItemGroup>
  <ItemGroup>
    <Filter Include="unit_testing">
      <UniqueIdentifier>{39137BE3-024D-3CF5-AE8C-4766C666553E}</UniqueIdentifier>
    </Filter>
    <Filter Include="analysis">
      <UniqueIdentifier>{8D9B5E48-C431-354F-9B04-21B758665375}</UniqueIdentifier>
    </Filter>
    <Filter Include="debug">
      <UniqueIdentifier>{1C939D6F-088E-3FC6-B224-F5836BF80F6A}</UniqueIdentifier>
    </Filter>
    <Filter Include="document">
      <UniqueIdentifier>{2106DB60-5029-3AA6-939D-59AEAFCE69FE}</UniqueIdentifier>
    </Filter>
    <Filter Include="index">
      <UniqueIdentifier>{5CDE1185-5BEA-33B6-9FE2-D26583F4DF3D}</UniqueIdentifier>
    </Filter>
    <Filter Include="queryParser">
      <UniqueIdentifier>{7E2C07BA-0331-3DCF-B682-62CD235AF44D}</UniqueIdentifier>
    </Filter>
    <Filter Include="search">
      <UniqueIdentifier>{F7991B66-7D3B-3F9A-8409-84318CE862CA}</UniqueIdentifier>
    </Filter>
    <Filter Include="search-spans">
      <UniqueIdentifier>{1D0F8159-CE9A-3C25-8C72-7A1E6E21301E}</UniqueIdentifier>
    </Filter>
    <Filter Include="store">
      <UniqueIdentifier>{7BE88328-E5C4-3F38-B3EF-63B30E78E457}</UniqueIdentifier>
    </Filter>
    <Filter Include="util">
      <UniqueIdentifier>{832BE461-1EC7-3760-9A13-D83AAE1D5D7A}</UniqueIdentifier>
    </Filter>
  </ItemGroup>
</Project>
