<?xml version="1.0" encoding="UTF-8"?>
<Project ToolsVersion="14.0" xmlns="http://schemas.microsoft.com/developer/msbuild/2003">
  <ItemGroup>
    <CustomBuild Include="C:\Users\haven\OneDrive\Documents\Repositories\clucene\compiled\CMakeFiles\82bb07c4ae74404fcdc6133feffa67f7\RUN_TESTS_force.rule">
      <Filter>CMake Rules</Filter>
    </CustomBuild>
  </ItemGroup>
  <ItemGroup>
    <Filter Include="CMake Rules">
      <UniqueIdentifier>{F6E6287C-3A1C-3C38-A998-40D739021B06}</UniqueIdentifier>
    </Filter>
  </ItemGroup>
</Project>
